
Microsoft Visual Studio Solution File, Format Version 12.00
# Visual Studio Version 17
VisualStudioVersion = 17.9.34616.47
MinimumVisualStudioVersion = 10.0.40219.1
Project("{8BC9CEB8-8B4A-11D0-8D11-00A0C91BC942}") = "UCPSorting_0122", "UCPSorting_0122\UCPSorting_0122.vcxproj", "{1C886736-A975-40DD-AD27-B126D441BDD7}"
EndProject
Global
	GlobalSection(SolutionConfigurationPlatforms) = preSolution
		Debug|x64 = Debug|x64
		Debug|x86 = Debug|x86
		Release|x64 = Release|x64
		Release|x86 = Release|x86
	EndGlobalSection
	GlobalSection(ProjectConfigurationPlatforms) = postSolution
		{1C886736-A975-40DD-AD27-B126D441BDD7}.Debug|x64.ActiveCfg = Debug|x64
		{1C886736-A975-40DD-AD27-B126D441BDD7}.Debug|x64.Build.0 = Debug|x64
		{1C886736-A975-40DD-AD27-B126D441BDD7}.Debug|x86.ActiveCfg = Debug|Win32
		{1C886736-A975-40DD-AD27-B126D441BDD7}.Debug|x86.Build.0 = Debug|Win32
		{1C886736-A975-40DD-AD27-B126D441BDD7}.Release|x64.ActiveCfg = Release|x64
		{1C886736-A975-40DD-AD27-B126D441BDD7}.Release|x64.Build.0 = Release|x64
		{1C886736-A975-40DD-AD27-B126D441BDD7}.Release|x86.ActiveCfg = Release|Win32
		{1C886736-A975-40DD-AD27-B126D441BDD7}.Release|x86.Build.0 = Release|Win32
	EndGlobalSection
	GlobalSection(SolutionProperties) = preSolution
		HideSolutionNode = FALSE
	EndGlobalSection
	GlobalSection(ExtensibilityGlobals) = postSolution
		SolutionGuid = {C126725A-327E-4942-A4AB-B9EBE5E1839D}
	EndGlobalSection
EndGlobal
